// !$*UTF8*$!
{
	archiveVersion = 1;
	classes = {
	};
	objectVersion = 55;
	objects = {

/* Begin PBXBuildFile section */
		AC060988285185A9008A90EF /* AppDelegate.swift in Sources */ = {isa = PBXBuildFile; fileRef = AC060987285185A9008A90EF /* AppDelegate.swift */; };
		AC06098A285185A9008A90EF /* SceneDelegate.swift in Sources */ = {isa = PBXBuildFile; fileRef = AC060989285185A9008A90EF /* SceneDelegate.swift */; };
		AC06098C285185A9008A90EF /* ViewController.swift in Sources */ = {isa = PBXBuildFile; fileRef = AC06098B285185A9008A90EF /* ViewController.swift */; };
		AC06098F285185A9008A90EF /* Main.storyboard in Resources */ = {isa = PBXBuildFile; fileRef = AC06098D285185A9008A90EF /* Main.storyboard */; };
		AC060991285185AB008A90EF /* Assets.xcassets in Resources */ = {isa = PBXBuildFile; fileRef = AC060990285185AB008A90EF /* Assets.xcassets */; };
		AC060994285185AB008A90EF /* LaunchScreen.storyboard in Resources */ = {isa = PBXBuildFile; fileRef = AC060992285185AB008A90EF /* LaunchScreen.storyboard */; };
		AC06099F285185AB008A90EF /* DarkModeTests.swift in Sources */ = {isa = PBXBuildFile; fileRef = AC06099E285185AB008A90EF /* DarkModeTests.swift */; };
		AC0609A9285185AB008A90EF /* DarkModeUITests.swift in Sources */ = {isa = PBXBuildFile; fileRef = AC0609A8285185AB008A90EF /* DarkModeUITests.swift */; };
		AC0609AB285185AB008A90EF /* DarkModeUITestsLaunchTests.swift in Sources */ = {isa = PBXBuildFile; fileRef = AC0609AA285185AB008A90EF /* DarkModeUITestsLaunchTests.swift */; };
		AC0609B8285185FA008A90EF /* IBDesignable.swift in Sources */ = {isa = PBXBuildFile; fileRef = AC0609B7285185FA008A90EF /* IBDesignable.swift */; };
		AC0609BA2851861B008A90EF /* DetailViewController.swift in Sources */ = {isa = PBXBuildFile; fileRef = AC0609B92851861B008A90EF /* DetailViewController.swift */; };
		AC0609BD28518645008A90EF /* UIColor+Extension.swift in Sources */ = {isa = PBXBuildFile; fileRef = AC0609BC28518645008A90EF /* UIColor+Extension.swift */; };
/* End PBXBuildFile section */

/* Begin PBXContainerItemProxy section */
		AC06099B285185AB008A90EF /* PBXContainerItemProxy */ = {
			isa = PBXContainerItemProxy;
			containerPortal = AC06097C285185A9008A90EF /* Project object */;
			proxyType = 1;
			remoteGlobalIDString = AC060983285185A9008A90EF;
			remoteInfo = DarkMode;
		};
		AC0609A5285185AB008A90EF /* PBXContainerItemProxy */ = {
			isa = PBXContainerItemProxy;
			containerPortal = AC06097C285185A9008A90EF /* Project object */;
			proxyType = 1;
			remoteGlobalIDString = AC060983285185A9008A90EF;
			remoteInfo = DarkMode;
		};
/* End PBXContainerItemProxy section */

/* Begin PBXFileReference section */
		AC060984285185A9008A90EF /* DarkMode.app */ = {isa = PBXFileReference; explicitFileType = wrapper.application; includeInIndex = 0; path = DarkMode.app; sourceTree = BUILT_PRODUCTS_DIR; };
		AC060987285185A9008A90EF /* AppDelegate.swift */ = {isa = PBXFileReference; lastKnownFileType = sourcecode.swift; path = AppDelegate.swift; sourceTree = "<group>"; };
		AC060989285185A9008A90EF /* SceneDelegate.swift */ = {isa = PBXFileReference; lastKnownFileType = sourcecode.swift; path = SceneDelegate.swift; sourceTree = "<group>"; };
		AC06098B285185A9008A90EF /* ViewController.swift */ = {isa = PBXFileReference; lastKnownFileType = sourcecode.swift; path = ViewController.swift; sourceTree = "<group>"; };
		AC06098E285185A9008A90EF /* Base */ = {isa = PBXFileReference; lastKnownFileType = file.storyboard; name = Base; path = Base.lproj/Main.storyboard; sourceTree = "<group>"; };
		AC060990285185AB008A90EF /* Assets.xcassets */ = {isa = PBXFileReference; lastKnownFileType = folder.assetcatalog; path = Assets.xcassets; sourceTree = "<group>"; };
		AC060993285185AB008A90EF /* Base */ = {isa = PBXFileReference; lastKnownFileType = file.storyboard; name = Base; path = Base.lproj/LaunchScreen.storyboard; sourceTree = "<group>"; };
		AC060995285185AB008A90EF /* Info.plist */ = {isa = PBXFileReference; lastKnownFileType = text.plist.xml; path = Info.plist; sourceTree = "<group>"; };
		AC06099A285185AB008A90EF /* DarkModeTests.xctest */ = {isa = PBXFileReference; explicitFileType = wrapper.cfbundle; includeInIndex = 0; path = DarkModeTests.xctest; sourceTree = BUILT_PRODUCTS_DIR; };
		AC06099E285185AB008A90EF /* DarkModeTests.swift */ = {isa = PBXFileReference; lastKnownFileType = sourcecode.swift; path = DarkModeTests.swift; sourceTree = "<group>"; };
		AC0609A4285185AB008A90EF /* DarkModeUITests.xctest */ = {isa = PBXFileReference; explicitFileType = wrapper.cfbundle; includeInIndex = 0; path = DarkModeUITests.xctest; sourceTree = BUILT_PRODUCTS_DIR; };
		AC0609A8285185AB008A90EF /* DarkModeUITests.swift */ = {isa = PBXFileReference; lastKnownFileType = sourcecode.swift; path = DarkModeUITests.swift; sourceTree = "<group>"; };
		AC0609AA285185AB008A90EF /* DarkModeUITestsLaunchTests.swift */ = {isa = PBXFileReference; lastKnownFileType = sourcecode.swift; path = DarkModeUITestsLaunchTests.swift; sourceTree = "<group>"; };
		AC0609B7285185FA008A90EF /* IBDesignable.swift */ = {isa = PBXFileReference; lastKnownFileType = sourcecode.swift; path = IBDesignable.swift; sourceTree = "<group>"; };
		AC0609B92851861B008A90EF /* DetailViewController.swift */ = {isa = PBXFileReference; lastKnownFileType = sourcecode.swift; path = DetailViewController.swift; sourceTree = "<group>"; };
		AC0609BC28518645008A90EF /* UIColor+Extension.swift */ = {isa = PBXFileReference; lastKnownFileType = sourcecode.swift; path = "UIColor+Extension.swift"; sourceTree = "<group>"; };
/* End PBXFileReference section */

/* Begin PBXFrameworksBuildPhase section */
		AC060981285185A9008A90EF /* Frameworks */ = {
			isa = PBXFrameworksBuildPhase;
			buildActionMask = 2147483647;
			files = (
			);
			runOnlyForDeploymentPostprocessing = 0;
		};
		AC060997285185AB008A90EF /* Frameworks */ = {
			isa = PBXFrameworksBuildPhase;
			buildActionMask = 2147483647;
			files = (
			);
			runOnlyForDeploymentPostprocessing = 0;
		};
		AC0609A1285185AB008A90EF /* Frameworks */ = {
			isa = PBXFrameworksBuildPhase;
			buildActionMask = 2147483647;
			files = (
			);
			runOnlyForDeploymentPostprocessing = 0;
		};
/* End PBXFrameworksBuildPhase section */

/* Begin PBXGroup section */
		AC06097B285185A9008A90EF = {
			isa = PBXGroup;
			children = (
				AC060986285185A9008A90EF /* DarkMode */,
				AC06099D285185AB008A90EF /* DarkModeTests */,
				AC0609A7285185AB008A90EF /* DarkModeUITests */,
				AC060985285185A9008A90EF /* Products */,
			);
			sourceTree = "<group>";
		};
		AC060985285185A9008A90EF /* Products */ = {
			isa = PBXGroup;
			children = (
				AC060984285185A9008A90EF /* DarkMode.app */,
				AC06099A285185AB008A90EF /* DarkModeTests.xctest */,
				AC0609A4285185AB008A90EF /* DarkModeUITests.xctest */,
			);
			name = Products;
			sourceTree = "<group>";
		};
		AC060986285185A9008A90EF /* DarkMode */ = {
			isa = PBXGroup;
			children = (
				AC0609BB28518633008A90EF /* Extension */,
				AC060987285185A9008A90EF /* AppDelegate.swift */,
				AC060989285185A9008A90EF /* SceneDelegate.swift */,
				AC06098B285185A9008A90EF /* ViewController.swift */,
				AC0609B92851861B008A90EF /* DetailViewController.swift */,
				AC0609B7285185FA008A90EF /* IBDesignable.swift */,
				AC06098D285185A9008A90EF /* Main.storyboard */,
				AC060990285185AB008A90EF /* Assets.xcassets */,
				AC060992285185AB008A90EF /* LaunchScreen.storyboard */,
				AC060995285185AB008A90EF /* Info.plist */,
			);
			path = DarkMode;
			sourceTree = "<group>";
		};
		AC06099D285185AB008A90EF /* DarkModeTests */ = {
			isa = PBXGroup;
			children = (
				AC06099E285185AB008A90EF /* DarkModeTests.swift */,
			);
			path = DarkModeTests;
			sourceTree = "<group>";
		};
		AC0609A7285185AB008A90EF /* DarkModeUITests */ = {
			isa = PBXGroup;
			children = (
				AC0609A8285185AB008A90EF /* DarkModeUITests.swift */,
				AC0609AA285185AB008A90EF /* DarkModeUITestsLaunchTests.swift */,
			);
			path = DarkModeUITests;
			sourceTree = "<group>";
		};
		AC0609BB28518633008A90EF /* Extension */ = {
			isa = PBXGroup;
			children = (
				AC0609BC28518645008A90EF /* UIColor+Extension.swift */,
			);
			path = Extension;
			sourceTree = "<group>";
		};
/* End PBXGroup section */

/* Begin PBXNativeTarget section */
		AC060983285185A9008A90EF /* DarkMode */ = {
			isa = PBXNativeTarget;
			buildConfigurationList = AC0609AE285185AB008A90EF /* Build configuration list for PBXNativeTarget "DarkMode" */;
			buildPhases = (
				AC060980285185A9008A90EF /* Sources */,
				AC060981285185A9008A90EF /* Frameworks */,
				AC060982285185A9008A90EF /* Resources */,
			);
			buildRules = (
			);
			dependencies = (
			);
			name = DarkMode;
			productName = DarkMode;
			productReference = AC060984285185A9008A90EF /* DarkMode.app */;
			productType = "com.apple.product-type.application";
		};
		AC060999285185AB008A90EF /* DarkModeTests */ = {
			isa = PBXNativeTarget;
			buildConfigurationList = AC0609B1285185AB008A90EF /* Build configuration list for PBXNativeTarget "DarkModeTests" */;
			buildPhases = (
				AC060996285185AB008A90EF /* Sources */,
				AC060997285185AB008A90EF /* Frameworks */,
				AC060998285185AB008A90EF /* Resources */,
			);
			buildRules = (
			);
			dependencies = (
				AC06099C285185AB008A90EF /* PBXTargetDependency */,
			);
			name = DarkModeTests;
			productName = DarkModeTests;
			productReference = AC06099A285185AB008A90EF /* DarkModeTests.xctest */;
			productType = "com.apple.product-type.bundle.unit-test";
		};
		AC0609A3285185AB008A90EF /* DarkModeUITests */ = {
			isa = PBXNativeTarget;
			buildConfigurationList = AC0609B4285185AB008A90EF /* Build configuration list for PBXNativeTarget "DarkModeUITests" */;
			buildPhases = (
				AC0609A0285185AB008A90EF /* Sources */,
				AC0609A1285185AB008A90EF /* Frameworks */,
				AC0609A2285185AB008A90EF /* Resources */,
			);
			buildRules = (
			);
			dependencies = (
				AC0609A6285185AB008A90EF /* PBXTargetDependency */,
			);
			name = DarkModeUITests;
			productName = DarkModeUITests;
			productReference = AC0609A4285185AB008A90EF /* DarkModeUITests.xctest */;
			productType = "com.apple.product-type.bundle.ui-testing";
		};
/* End PBXNativeTarget section */

/* Begin PBXProject section */
		AC06097C285185A9008A90EF /* Project object */ = {
			isa = PBXProject;
			attributes = {
				BuildIndependentTargetsInParallel = 1;
				LastSwiftUpdateCheck = 1310;
				LastUpgradeCheck = 1310;
				TargetAttributes = {
					AC060983285185A9008A90EF = {
						CreatedOnToolsVersion = 13.1;
					};
					AC060999285185AB008A90EF = {
						CreatedOnToolsVersion = 13.1;
						TestTargetID = AC060983285185A9008A90EF;
					};
					AC0609A3285185AB008A90EF = {
						CreatedOnToolsVersion = 13.1;
						TestTargetID = AC060983285185A9008A90EF;
					};
				};
			};
			buildConfigurationList = AC06097F285185A9008A90EF /* Build configuration list for PBXProject "DarkMode" */;
			compatibilityVersion = "Xcode 13.0";
			developmentRegion = en;
			hasScannedForEncodings = 0;
			knownRegions = (
				en,
				Base,
			);
			mainGroup = AC06097B285185A9008A90EF;
			productRefGroup = AC060985285185A9008A90EF /* Products */;
			projectDirPath = "";
			projectRoot = "";
			targets = (
				AC060983285185A9008A90EF /* DarkMode */,
				AC060999285185AB008A90EF /* DarkModeTests */,
				AC0609A3285185AB008A90EF /* DarkModeUITests */,
			);
		};
/* End PBXProject section */

/* Begin PBXResourcesBuildPhase section */
		AC060982285185A9008A90EF /* Resources */ = {
			isa = PBXResourcesBuildPhase;
			buildActionMask = 2147483647;
			files = (
				AC060994285185AB008A90EF /* LaunchScreen.storyboard in Resources */,
				AC060991285185AB008A90EF /* Assets.xcassets in Resources */,
				AC06098F285185A9008A90EF /* Main.storyboard in Resources */,
			);
			runOnlyForDeploymentPostprocessing = 0;
		};
		AC060998285185AB008A90EF /* Resources */ = {
			isa = PBXResourcesBuildPhase;
			buildActionMask = 2147483647;
			files = (
			);
			runOnlyForDeploymentPostprocessing = 0;
		};
		AC0609A2285185AB008A90EF /* Resources */ = {
			isa = PBXResourcesBuildPhase;
			buildActionMask = 2147483647;
			files = (
			);
			runOnlyForDeploymentPostprocessing = 0;
		};
/* End PBXResourcesBuildPhase section */

/* Begin PBXSourcesBuildPhase section */
		AC060980285185A9008A90EF /* Sources */ = {
			isa = PBXSourcesBuildPhase;
			buildActionMask = 2147483647;
			files = (
				AC06098C285185A9008A90EF /* ViewController.swift in Sources */,
				AC060988285185A9008A90EF /* AppDelegate.swift in Sources */,
				AC0609BA2851861B008A90EF /* DetailViewController.swift in Sources */,
				AC0609BD28518645008A90EF /* UIColor+Extension.swift in Sources */,
				AC0609B8285185FA008A90EF /* IBDesignable.swift in Sources */,
				AC06098A285185A9008A90EF /* SceneDelegate.swift in Sources */,
			);
			runOnlyForDeploymentPostprocessing = 0;
		};
		AC060996285185AB008A90EF /* Sources */ = {
			isa = PBXSourcesBuildPhase;
			buildActionMask = 2147483647;
			files = (
				AC06099F285185AB008A90EF /* DarkModeTests.swift in Sources */,
			);
			runOnlyForDeploymentPostprocessing = 0;
		};
		AC0609A0285185AB008A90EF /* Sources */ = {
			isa = PBXSourcesBuildPhase;
			buildActionMask = 2147483647;
			files = (
				AC0609AB285185AB008A90EF /* DarkModeUITestsLaunchTests.swift in Sources */,
				AC0609A9285185AB008A90EF /* DarkModeUITests.swift in Sources */,
			);
			runOnlyForDeploymentPostprocessing = 0;
		};
/* End PBXSourcesBuildPhase section */

/* Begin PBXTargetDependency section */
		AC06099C285185AB008A90EF /* PBXTargetDependency */ = {
			isa = PBXTargetDependency;
			target = AC060983285185A9008A90EF /* DarkMode */;
			targetProxy = AC06099B285185AB008A90EF /* PBXContainerItemProxy */;
		};
		AC0609A6285185AB008A90EF /* PBXTargetDependency */ = {
			isa = PBXTargetDependency;
			target = AC060983285185A9008A90EF /* DarkMode */;
			targetProxy = AC0609A5285185AB008A90EF /* PBXContainerItemProxy */;
		};
/* End PBXTargetDependency section */

/* Begin PBXVariantGroup section */
		AC06098D285185A9008A90EF /* Main.storyboard */ = {
			isa = PBXVariantGroup;
			children = (
				AC06098E285185A9008A90EF /* Base */,
			);
			name = Main.storyboard;
			sourceTree = "<group>";
		};
		AC060992285185AB008A90EF /* LaunchScreen.storyboard */ = {
			isa = PBXVariantGroup;
			children = (
				AC060993285185AB008A90EF /* Base */,
			);
			name = LaunchScreen.storyboard;
			sourceTree = "<group>";
		};
/* End PBXVariantGroup section */

/* Begin XCBuildConfiguration section */
		AC0609AC285185AB008A90EF /* Debug */ = {
			isa = XCBuildConfiguration;
			buildSettings = {
				ALWAYS_SEARCH_USER_PATHS = NO;
				CLANG_ANALYZER_NONNULL = YES;
				CLANG_ANALYZER_NUMBER_OBJECT_CONVERSION = YES_AGGRESSIVE;
				CLANG_CXX_LANGUAGE_STANDARD = "gnu++17";
				CLANG_CXX_LIBRARY = "libc++";
				CLANG_ENABLE_MODULES = YES;
				CLANG_ENABLE_OBJC_ARC = YES;
				CLANG_ENABLE_OBJC_WEAK = YES;
				CLANG_WARN_BLOCK_CAPTURE_AUTORELEASING = YES;
				CLANG_WARN_BOOL_CONVERSION = YES;
				CLANG_WARN_COMMA = YES;
				CLANG_WARN_CONSTANT_CONVERSION = YES;
				CLANG_WARN_DEPRECATED_OBJC_IMPLEMENTATIONS = YES;
				CLANG_WARN_DIRECT_OBJC_ISA_USAGE = YES_ERROR;
				CLANG_WARN_DOCUMENTATION_COMMENTS = YES;
				CLANG_WARN_EMPTY_BODY = YES;
				CLANG_WARN_ENUM_CONVERSION = YES;
				CLANG_WARN_INFINITE_RECURSION = YES;
				CLANG_WARN_INT_CONVERSION = YES;
				CLANG_WARN_NON_LITERAL_NULL_CONVERSION = YES;
				CLANG_WARN_OBJC_IMPLICIT_RETAIN_SELF = YES;
				CLANG_WARN_OBJC_LITERAL_CONVERSION = YES;
				CLANG_WARN_OBJC_ROOT_CLASS = YES_ERROR;
				CLANG_WARN_QUOTED_INCLUDE_IN_FRAMEWORK_HEADER = YES;
				CLANG_WARN_RANGE_LOOP_ANALYSIS = YES;
				CLANG_WARN_STRICT_PROTOTYPES = YES;
				CLANG_WARN_SUSPICIOUS_MOVE = YES;
				CLANG_WARN_UNGUARDED_AVAILABILITY = YES_AGGRESSIVE;
				CLANG_WARN_UNREACHABLE_CODE = YES;
				CLANG_WARN__DUPLICATE_METHOD_MATCH = YES;
				COPY_PHASE_STRIP = NO;
				DEBUG_INFORMATION_FORMAT = dwarf;
				ENABLE_STRICT_OBJC_MSGSEND = YES;
				ENABLE_TESTABILITY = YES;
				GCC_C_LANGUAGE_STANDARD = gnu11;
				GCC_DYNAMIC_NO_PIC = NO;
				GCC_NO_COMMON_BLOCKS = YES;
				GCC_OPTIMIZATION_LEVEL = 0;
				GCC_PREPROCESSOR_DEFINITIONS = (
					"DEBUG=1",
					"$(inherited)",
				);
				GCC_WARN_64_TO_32_BIT_CONVERSION = YES;
				GCC_WARN_ABOUT_RETURN_TYPE = YES_ERROR;
				GCC_WARN_UNDECLARED_SELECTOR = YES;
				GCC_WARN_UNINITIALIZED_AUTOS = YES_AGGRESSIVE;
				GCC_WARN_UNUSED_FUNCTION = YES;
				GCC_WARN_UNUSED_VARIABLE = YES;
				IPHONEOS_DEPLOYMENT_TARGET = 15.0;
				MTL_ENABLE_DEBUG_INFO = INCLUDE_SOURCE;
				MTL_FAST_MATH = YES;
				ONLY_ACTIVE_ARCH = YES;
				SDKROOT = iphoneos;
				SWIFT_ACTIVE_COMPILATION_CONDITIONS = DEBUG;
				SWIFT_OPTIMIZATION_LEVEL = "-Onone";
			};
			name = Debug;
		};
		AC0609AD285185AB008A90EF /* Release */ = {
			isa = XCBuildConfiguration;
			buildSettings = {
				ALWAYS_SEARCH_USER_PATHS = NO;
				CLANG_ANALYZER_NONNULL = YES;
				CLANG_ANALYZER_NUMBER_OBJECT_CONVERSION = YES_AGGRESSIVE;
				CLANG_CXX_LANGUAGE_STANDARD = "gnu++17";
				CLANG_CXX_LIBRARY = "libc++";
				CLANG_ENABLE_MODULES = YES;
				CLANG_ENABLE_OBJC_ARC = YES;
				CLANG_ENABLE_OBJC_WEAK = YES;
				CLANG_WARN_BLOCK_CAPTURE_AUTORELEASING = YES;
				CLANG_WARN_BOOL_CONVERSION = YES;
				CLANG_WARN_COMMA = YES;
				CLANG_WARN_CONSTANT_CONVERSION = YES;
				CLANG_WARN_DEPRECATED_OBJC_IMPLEMENTATIONS = YES;
				CLANG_WARN_DIRECT_OBJC_ISA_USAGE = YES_ERROR;
				CLANG_WARN_DOCUMENTATION_COMMENTS = YES;
				CLANG_WARN_EMPTY_BODY = YES;
				CLANG_WARN_ENUM_CONVERSION = YES;
				CLANG_WARN_INFINITE_RECURSION = YES;
				CLANG_WARN_INT_CONVERSION = YES;
				CLANG_WARN_NON_LITERAL_NULL_CONVERSION = YES;
				CLANG_WARN_OBJC_IMPLICIT_RETAIN_SELF = YES;
				CLANG_WARN_OBJC_LITERAL_CONVERSION = YES;
				CLANG_WARN_OBJC_ROOT_CLASS = YES_ERROR;
				CLANG_WARN_QUOTED_INCLUDE_IN_FRAMEWORK_HEADER = YES;
				CLANG_WARN_RANGE_LOOP_ANALYSIS = YES;
				CLANG_WARN_STRICT_PROTOTYPES = YES;
				CLANG_WARN_SUSPICIOUS_MOVE = YES;
				CLANG_WARN_UNGUARDED_AVAILABILITY = YES_AGGRESSIVE;
				CLANG_WARN_UNREACHABLE_CODE = YES;
				CLANG_WARN__DUPLICATE_METHOD_MATCH = YES;
				COPY_PHASE_STRIP = NO;
				DEBUG_INFORMATION_FORMAT = "dwarf-with-dsym";
				ENABLE_NS_ASSERTIONS = NO;
				ENABLE_STRICT_OBJC_MSGSEND = YES;
				GCC_C_LANGUAGE_STANDARD = gnu11;
				GCC_NO_COMMON_BLOCKS = YES;
				GCC_WARN_64_TO_32_BIT_CONVERSION = YES;
				GCC_WARN_ABOUT_RETURN_TYPE = YES_ERROR;
				GCC_WARN_UNDECLARED_SELECTOR = YES;
				GCC_WARN_UNINITIALIZED_AUTOS = YES_AGGRESSIVE;
				GCC_WARN_UNUSED_FUNCTION = YES;
				GCC_WARN_UNUSED_VARIABLE = YES;
				IPHONEOS_DEPLOYMENT_TARGET = 15.0;
				MTL_ENABLE_DEBUG_INFO = NO;
				MTL_FAST_MATH = YES;
				SDKROOT = iphoneos;
				SWIFT_COMPILATION_MODE = wholemodule;
				SWIFT_OPTIMIZATION_LEVEL = "-O";
				VALIDATE_PRODUCT = YES;
			};
			name = Release;
		};
		AC0609AF285185AB008A90EF /* Debug */ = {
			isa = XCBuildConfiguration;
			buildSettings = {
				ASSETCATALOG_COMPILER_APPICON_NAME = AppIcon;
				ASSETCATALOG_COMPILER_GLOBAL_ACCENT_COLOR_NAME = AccentColor;
				CODE_SIGN_STYLE = Automatic;
				CURRENT_PROJECT_VERSION = 1;
				DEVELOPMENT_TEAM = 4LW34R6CMB;
				GENERATE_INFOPLIST_FILE = YES;
				INFOPLIST_FILE = DarkMode/Info.plist;
				INFOPLIST_KEY_UIApplicationSupportsIndirectInputEvents = YES;
				INFOPLIST_KEY_UILaunchStoryboardName = LaunchScreen;
				INFOPLIST_KEY_UIMainStoryboardFile = Main;
				INFOPLIST_KEY_UISupportedInterfaceOrientations_iPad = "UIInterfaceOrientationPortrait UIInterfaceOrientationPortraitUpsideDown UIInterfaceOrientationLandscapeLeft UIInterfaceOrientationLandscapeRight";
				INFOPLIST_KEY_UISupportedInterfaceOrientations_iPhone = "UIInterfaceOrientationPortrait UIInterfaceOrientationLandscapeLeft UIInterfaceOrientationLandscapeRight";
				IPHONEOS_DEPLOYMENT_TARGET = 13.0;
				LD_RUNPATH_SEARCH_PATHS = (
					"$(inherited)",
					"@executable_path/Frameworks",
				);
				MARKETING_VERSION = 1.0;
				PRODUCT_BUNDLE_IDENTIFIER = vmo.DarkMode;
				PRODUCT_NAME = "$(TARGET_NAME)";
				SWIFT_EMIT_LOC_STRINGS = YES;
				SWIFT_VERSION = 5.0;
				TARGETED_DEVICE_FAMILY = "1,2";
			};
			name = Debug;
		};
		AC0609B0285185AB008A90EF /* Release */ = {
			isa = XCBuildConfiguration;
			buildSettings = {
				ASSETCATALOG_COMPILER_APPICON_NAME = AppIcon;
				ASSETCATALOG_COMPILER_GLOBAL_ACCENT_COLOR_NAME = AccentColor;
				CODE_SIGN_STYLE = Automatic;
				CURRENT_PROJECT_VERSION = 1;
				DEVELOPMENT_TEAM = 4LW34R6CMB;
				GENERATE_INFOPLIST_FILE = YES;
				INFOPLIST_FILE = DarkMode/Info.plist;
				INFOPLIST_KEY_UIApplicationSupportsIndirectInputEvents = YES;
				INFOPLIST_KEY_UILaunchStoryboardName = LaunchScreen;
				INFOPLIST_KEY_UIMainStoryboardFile = Main;
				INFOPLIST_KEY_UISupportedInterfaceOrientations_iPad = "UIInterfaceOrientationPortrait UIInterfaceOrientationPortraitUpsideDown UIInterfaceOrientationLandscapeLeft UIInterfaceOrientationLandscapeRight";
				INFOPLIST_KEY_UISupportedInterfaceOrientations_iPhone = "UIInterfaceOrientationPortrait UIInterfaceOrientationLandscapeLeft UIInterfaceOrientationLandscapeRight";
				IPHONEOS_DEPLOYMENT_TARGET = 13.0;
				LD_RUNPATH_SEARCH_PATHS = (
					"$(inherited)",
					"@executable_path/Frameworks",
				);
				MARKETING_VERSION = 1.0;
				PRODUCT_BUNDLE_IDENTIFIER = vmo.DarkMode;
				PRODUCT_NAME = "$(TARGET_NAME)";
				SWIFT_EMIT_LOC_STRINGS = YES;
				SWIFT_VERSION = 5.0;
				TARGETED_DEVICE_FAMILY = "1,2";
			};
			name = Release;
		};
		AC0609B2285185AB008A90EF /* Debug */ = {
			isa = XCBuildConfiguration;
			buildSettings = {
				ALWAYS_EMBED_SWIFT_STANDARD_LIBRARIES = YES;
				BUNDLE_LOADER = "$(TEST_HOST)";
				CODE_SIGN_STYLE = Automatic;
				CURRENT_PROJECT_VERSION = 1;
				DEVELOPMENT_TEAM = 4LW34R6CMB;
				GENERATE_INFOPLIST_FILE = YES;
				IPHONEOS_DEPLOYMENT_TARGET = 15.0;
				LD_RUNPATH_SEARCH_PATHS = (
					"$(inherited)",
					"@executable_path/Frameworks",
					"@loader_path/Frameworks",
				);
				MARKETING_VERSION = 1.0;
				PRODUCT_BUNDLE_IDENTIFIER = vmo.DarkModeTests;
				PRODUCT_NAME = "$(TARGET_NAME)";
				SWIFT_EMIT_LOC_STRINGS = NO;
				SWIFT_VERSION = 5.0;
				TARGETED_DEVICE_FAMILY = "1,2";
				TEST_HOST = "$(BUILT_PRODUCTS_DIR)/DarkMode.app/DarkMode";
			};
			name = Debug;
		};
		AC0609B3285185AB008A90EF /* Release */ = {
			isa = XCBuildConfiguration;
			buildSettings = {
				ALWAYS_EMBED_SWIFT_STANDARD_LIBRARIES = YES;
				BUNDLE_LOADER = "$(TEST_HOST)";
				CODE_SIGN_STYLE = Automatic;
				CURRENT_PROJECT_VERSION = 1;
				DEVELOPMENT_TEAM = 4LW34R6CMB;
				GENERATE_INFOPLIST_FILE = YES;
				IPHONEOS_DEPLOYMENT_TARGET = 15.0;
				LD_RUNPATH_SEARCH_PATHS = (
					"$(inherited)",
					"@executable_path/Frameworks",
					"@loader_path/Frameworks",
				);
				MARKETING_VERSION = 1.0;
				PRODUCT_BUNDLE_IDENTIFIER = vmo.DarkModeTests;
				PRODUCT_NAME = "$(TARGET_NAME)";
				SWIFT_EMIT_LOC_STRINGS = NO;
				SWIFT_VERSION = 5.0;
				TARGETED_DEVICE_FAMILY = "1,2";
				TEST_HOST = "$(BUILT_PRODUCTS_DIR)/DarkMode.app/DarkMode";
			};
			name = Release;
		};
		AC0609B5285185AB008A90EF /* Debug */ = {
			isa = XCBuildConfiguration;
			buildSettings = {
				ALWAYS_EMBED_SWIFT_STANDARD_LIBRARIES = YES;
				CODE_SIGN_STYLE = Automatic;
				CURRENT_PROJECT_VERSION = 1;
				DEVELOPMENT_TEAM = 4LW34R6CMB;
				GENERATE_INFOPLIST_FILE = YES;
				LD_RUNPATH_SEARCH_PATHS = (
					"$(inherited)",
					"@executable_path/Frameworks",
					"@loader_path/Frameworks",
				);
				MARKETING_VERSION = 1.0;
				PRODUCT_BUNDLE_IDENTIFIER = vmo.DarkModeUITests;
				PRODUCT_NAME = "$(TARGET_NAME)";
				SWIFT_EMIT_LOC_STRINGS = NO;
				SWIFT_VERSION = 5.0;
				TARGETED_DEVICE_FAMILY = "1,2";
				TEST_TARGET_NAME = DarkMode;
			};
			name = Debug;
		};
		AC0609B6285185AB008A90EF /* Release */ = {
			isa = XCBuildConfiguration;
			buildSettings = {
				ALWAYS_EMBED_SWIFT_STANDARD_LIBRARIES = YES;
				CODE_SIGN_STYLE = Automatic;
				CURRENT_PROJECT_VERSION = 1;
				DEVELOPMENT_TEAM = 4LW34R6CMB;
				GENERATE_INFOPLIST_FILE = YES;
				LD_RUNPATH_SEARCH_PATHS = (
					"$(inherited)",
					"@executable_path/Frameworks",
					"@loader_path/Frameworks",
				);
				MARKETING_VERSION = 1.0;
				PRODUCT_BUNDLE_IDENTIFIER = vmo.DarkModeUITests;
				PRODUCT_NAME = "$(TARGET_NAME)";
				SWIFT_EMIT_LOC_STRINGS = NO;
				SWIFT_VERSION = 5.0;
				TARGETED_DEVICE_FAMILY = "1,2";
				TEST_TARGET_NAME = DarkMode;
			};
			name = Release;
		};
/* End XCBuildConfiguration section */

/* Begin XCConfigurationList section */
		AC06097F285185A9008A90EF /* Build configuration list for PBXProject "DarkMode" */ = {
			isa = XCConfigurationList;
			buildConfigurations = (
				AC0609AC285185AB008A90EF /* Debug */,
				AC0609AD285185AB008A90EF /* Release */,
			);
			defaultConfigurationIsVisible = 0;
			defaultConfigurationName = Release;
		};
		AC0609AE285185AB008A90EF /* Build configuration list for PBXNativeTarget "DarkMode" */ = {
			isa = XCConfigurationList;
			buildConfigurations = (
				AC0609AF285185AB008A90EF /* Debug */,
				AC0609B0285185AB008A90EF /* Release */,
			);
			defaultConfigurationIsVisible = 0;
			defaultConfigurationName = Release;
		};
		AC0609B1285185AB008A90EF /* Build configuration list for PBXNativeTarget "DarkModeTests" */ = {
			isa = XCConfigurationList;
			buildConfigurations = (
				AC0609B2285185AB008A90EF /* Debug */,
				AC0609B3285185AB008A90EF /* Release */,
			);
			defaultConfigurationIsVisible = 0;
			defaultConfigurationName = Release;
		};
		AC0609B4285185AB008A90EF /* Build configuration list for PBXNativeTarget "DarkModeUITests" */ = {
			isa = XCConfigurationList;
			buildConfigurations = (
				AC0609B5285185AB008A90EF /* Debug */,
				AC0609B6285185AB008A90EF /* Release */,
			);
			defaultConfigurationIsVisible = 0;
			defaultConfigurationName = Release;
		};
/* End XCConfigurationList section */
	};
	rootObject = AC06097C285185A9008A90EF /* Project object */;
}
